// !$*UTF8*$!
{
	archiveVersion = 1;
	classes = {
	};
	objectVersion = 46;
	objects = {

/* Begin PBXBuildFile section */
		CA1A403017BA7BC900030ABF /* Foundation.framework in Frameworks */ = {isa = PBXBuildFile; fileRef = CA1A402F17BA7BC900030ABF /* Foundation.framework */; };
		CA1A403217BA7BC900030ABF /* CoreGraphics.framework in Frameworks */ = {isa = PBXBuildFile; fileRef = CA1A403117BA7BC900030ABF /* CoreGraphics.framework */; };
		CA1A403417BA7BC900030ABF /* UIKit.framework in Frameworks */ = {isa = PBXBuildFile; fileRef = CA1A403317BA7BC900030ABF /* UIKit.framework */; };
		CA1A403A17BA7BC900030ABF /* InfoPlist.strings in Resources */ = {isa = PBXBuildFile; fileRef = CA1A403817BA7BC900030ABF /* InfoPlist.strings */; };
		CA1A403C17BA7BC900030ABF /* main.m in Sources */ = {isa = PBXBuildFile; fileRef = CA1A403B17BA7BC900030ABF /* main.m */; };
		CA1A404017BA7BC900030ABF /* XKEAppDelegate.m in Sources */ = {isa = PBXBuildFile; fileRef = CA1A403F17BA7BC900030ABF /* XKEAppDelegate.m */; };
		CA1A404317BA7BC900030ABF /* Main_iPhone.storyboard in Resources */ = {isa = PBXBuildFile; fileRef = CA1A404117BA7BC900030ABF /* Main_iPhone.storyboard */; };
		CA1A404617BA7BC900030ABF /* Main_iPad.storyboard in Resources */ = {isa = PBXBuildFile; fileRef = CA1A404417BA7BC900030ABF /* Main_iPad.storyboard */; };
		CA1A404917BA7BC900030ABF /* XKEViewController.m in Sources */ = {isa = PBXBuildFile; fileRef = CA1A404817BA7BC900030ABF /* XKEViewController.m */; };
		CA1A404B17BA7BC900030ABF /* Images.xcassets in Resources */ = {isa = PBXBuildFile; fileRef = CA1A404A17BA7BC900030ABF /* Images.xcassets */; };
		CA1A405217BA7BC900030ABF /* XCTest.framework in Frameworks */ = {isa = PBXBuildFile; fileRef = CA1A405117BA7BC900030ABF /* XCTest.framework */; };
		CA1A405317BA7BC900030ABF /* Foundation.framework in Frameworks */ = {isa = PBXBuildFile; fileRef = CA1A402F17BA7BC900030ABF /* Foundation.framework */; };
		CA1A405417BA7BC900030ABF /* UIKit.framework in Frameworks */ = {isa = PBXBuildFile; fileRef = CA1A403317BA7BC900030ABF /* UIKit.framework */; };
		CA1A405C17BA7BC900030ABF /* InfoPlist.strings in Resources */ = {isa = PBXBuildFile; fileRef = CA1A405A17BA7BC900030ABF /* InfoPlist.strings */; };
		CA1A405E17BA7BC900030ABF /* iBeacon_ClientTests.m in Sources */ = {isa = PBXBuildFile; fileRef = CA1A405D17BA7BC900030ABF /* iBeacon_ClientTests.m */; };
/* End PBXBuildFile section */

/* Begin PBXContainerItemProxy section */
		CA1A405517BA7BC900030ABF /* PBXContainerItemProxy */ = {
			isa = PBXContainerItemProxy;
			containerPortal = CA1A402417BA7BC900030ABF /* Project object */;
			proxyType = 1;
			remoteGlobalIDString = CA1A402B17BA7BC900030ABF;
			remoteInfo = "iBeacon-Client";
		};
/* End PBXContainerItemProxy section */

/* Begin PBXFileReference section */
		CA1A402C17BA7BC900030ABF /* iBeacon-Client.app */ = {isa = PBXFileReference; explicitFileType = wrapper.application; includeInIndex = 0; path = "iBeacon-Client.app"; sourceTree = BUILT_PRODUCTS_DIR; };
		CA1A402F17BA7BC900030ABF /* Foundation.framework */ = {isa = PBXFileReference; lastKnownFileType = wrapper.framework; name = Foundation.framework; path = System/Library/Frameworks/Foundation.framework; sourceTree = SDKROOT; };
		CA1A403117BA7BC900030ABF /* CoreGraphics.framework */ = {isa = PBXFileReference; lastKnownFileType = wrapper.framework; name = CoreGraphics.framework; path = System/Library/Frameworks/CoreGraphics.framework; sourceTree = SDKROOT; };
		CA1A403317BA7BC900030ABF /* UIKit.framework */ = {isa = PBXFileReference; lastKnownFileType = wrapper.framework; name = UIKit.framework; path = System/Library/Frameworks/UIKit.framework; sourceTree = SDKROOT; };
		CA1A403717BA7BC900030ABF /* iBeacon-Client-Info.plist */ = {isa = PBXFileReference; lastKnownFileType = text.plist.xml; path = "iBeacon-Client-Info.plist"; sourceTree = "<group>"; };
		CA1A403917BA7BC900030ABF /* en */ = {isa = PBXFileReference; lastKnownFileType = text.plist.strings; name = en; path = en.lproj/InfoPlist.strings; sourceTree = "<group>"; };
		CA1A403B17BA7BC900030ABF /* main.m */ = {isa = PBXFileReference; lastKnownFileType = sourcecode.c.objc; path = main.m; sourceTree = "<group>"; };
		CA1A403D17BA7BC900030ABF /* iBeacon-Client-Prefix.pch */ = {isa = PBXFileReference; lastKnownFileType = sourcecode.c.h; path = "iBeacon-Client-Prefix.pch"; sourceTree = "<group>"; };
		CA1A403E17BA7BC900030ABF /* XKEAppDelegate.h */ = {isa = PBXFileReference; lastKnownFileType = sourcecode.c.h; path = XKEAppDelegate.h; sourceTree = "<group>"; };
		CA1A403F17BA7BC900030ABF /* XKEAppDelegate.m */ = {isa = PBXFileReference; lastKnownFileType = sourcecode.c.objc; path = XKEAppDelegate.m; sourceTree = "<group>"; };
		CA1A404217BA7BC900030ABF /* Base */ = {isa = PBXFileReference; lastKnownFileType = file.storyboard; name = Base; path = Base.lproj/Main_iPhone.storyboard; sourceTree = "<group>"; };
		CA1A404517BA7BC900030ABF /* Base */ = {isa = PBXFileReference; lastKnownFileType = file.storyboard; name = Base; path = Base.lproj/Main_iPad.storyboard; sourceTree = "<group>"; };
		CA1A404717BA7BC900030ABF /* XKEViewController.h */ = {isa = PBXFileReference; lastKnownFileType = sourcecode.c.h; path = XKEViewController.h; sourceTree = "<group>"; };
		CA1A404817BA7BC900030ABF /* XKEViewController.m */ = {isa = PBXFileReference; lastKnownFileType = sourcecode.c.objc; path = XKEViewController.m; sourceTree = "<group>"; };
		CA1A404A17BA7BC900030ABF /* Images.xcassets */ = {isa = PBXFileReference; lastKnownFileType = folder.assetcatalog; path = Images.xcassets; sourceTree = "<group>"; };
		CA1A405017BA7BC900030ABF /* iBeacon-ClientTests.xctest */ = {isa = PBXFileReference; explicitFileType = wrapper.cfbundle; includeInIndex = 0; path = "iBeacon-ClientTests.xctest"; sourceTree = BUILT_PRODUCTS_DIR; };
		CA1A405117BA7BC900030ABF /* XCTest.framework */ = {isa = PBXFileReference; lastKnownFileType = wrapper.framework; name = XCTest.framework; path = Library/Frameworks/XCTest.framework; sourceTree = DEVELOPER_DIR; };
		CA1A405917BA7BC900030ABF /* iBeacon-ClientTests-Info.plist */ = {isa = PBXFileReference; lastKnownFileType = text.plist.xml; path = "iBeacon-ClientTests-Info.plist"; sourceTree = "<group>"; };
		CA1A405B17BA7BC900030ABF /* en */ = {isa = PBXFileReference; lastKnownFileType = text.plist.strings; name = en; path = en.lproj/InfoPlist.strings; sourceTree = "<group>"; };
		CA1A405D17BA7BC900030ABF /* iBeacon_ClientTests.m */ = {isa = PBXFileReference; lastKnownFileType = sourcecode.c.objc; path = iBeacon_ClientTests.m; sourceTree = "<group>"; };
/* End PBXFileReference section */

/* Begin PBXFrameworksBuildPhase section */
		CA1A402917BA7BC900030ABF /* Frameworks */ = {
			isa = PBXFrameworksBuildPhase;
			buildActionMask = 2147483647;
			files = (
				CA1A403217BA7BC900030ABF /* CoreGraphics.framework in Frameworks */,
				CA1A403417BA7BC900030ABF /* UIKit.framework in Frameworks */,
				CA1A403017BA7BC900030ABF /* Foundation.framework in Frameworks */,
			);
			runOnlyForDeploymentPostprocessing = 0;
		};
		CA1A404D17BA7BC900030ABF /* Frameworks */ = {
			isa = PBXFrameworksBuildPhase;
			buildActionMask = 2147483647;
			files = (
				CA1A405217BA7BC900030ABF /* XCTest.framework in Frameworks */,
				CA1A405417BA7BC900030ABF /* UIKit.framework in Frameworks */,
				CA1A405317BA7BC900030ABF /* Foundation.framework in Frameworks */,
			);
			runOnlyForDeploymentPostprocessing = 0;
		};
/* End PBXFrameworksBuildPhase section */

/* Begin PBXGroup section */
		CA1A402317BA7BC900030ABF = {
			isa = PBXGroup;
			children = (
				CA1A403517BA7BC900030ABF /* iBeacon-Client */,
				CA1A405717BA7BC900030ABF /* iBeacon-ClientTests */,
				CA1A402E17BA7BC900030ABF /* Frameworks */,
				CA1A402D17BA7BC900030ABF /* Products */,
			);
			sourceTree = "<group>";
		};
		CA1A402D17BA7BC900030ABF /* Products */ = {
			isa = PBXGroup;
			children = (
				CA1A402C17BA7BC900030ABF /* iBeacon-Client.app */,
				CA1A405017BA7BC900030ABF /* iBeacon-ClientTests.xctest */,
			);
			name = Products;
			sourceTree = "<group>";
		};
		CA1A402E17BA7BC900030ABF /* Frameworks */ = {
			isa = PBXGroup;
			children = (
				CA1A402F17BA7BC900030ABF /* Foundation.framework */,
				CA1A403117BA7BC900030ABF /* CoreGraphics.framework */,
				CA1A403317BA7BC900030ABF /* UIKit.framework */,
				CA1A405117BA7BC900030ABF /* XCTest.framework */,
			);
			name = Frameworks;
			sourceTree = "<group>";
		};
		CA1A403517BA7BC900030ABF /* iBeacon-Client */ = {
			isa = PBXGroup;
			children = (
				CA1A403E17BA7BC900030ABF /* XKEAppDelegate.h */,
				CA1A403F17BA7BC900030ABF /* XKEAppDelegate.m */,
				CA1A404117BA7BC900030ABF /* Main_iPhone.storyboard */,
				CA1A404417BA7BC900030ABF /* Main_iPad.storyboard */,
				CA1A404717BA7BC900030ABF /* XKEViewController.h */,
				CA1A404817BA7BC900030ABF /* XKEViewController.m */,
				CA1A404A17BA7BC900030ABF /* Images.xcassets */,
				CA1A403617BA7BC900030ABF /* Supporting Files */,
			);
			path = "iBeacon-Client";
			sourceTree = "<group>";
		};
		CA1A403617BA7BC900030ABF /* Supporting Files */ = {
			isa = PBXGroup;
			children = (
				CA1A403717BA7BC900030ABF /* iBeacon-Client-Info.plist */,
				CA1A403817BA7BC900030ABF /* InfoPlist.strings */,
				CA1A403B17BA7BC900030ABF /* main.m */,
				CA1A403D17BA7BC900030ABF /* iBeacon-Client-Prefix.pch */,
			);
			name = "Supporting Files";
			sourceTree = "<group>";
		};
		CA1A405717BA7BC900030ABF /* iBeacon-ClientTests */ = {
			isa = PBXGroup;
			children = (
				CA1A405D17BA7BC900030ABF /* iBeacon_ClientTests.m */,
				CA1A405817BA7BC900030ABF /* Supporting Files */,
			);
			path = "iBeacon-ClientTests";
			sourceTree = "<group>";
		};
		CA1A405817BA7BC900030ABF /* Supporting Files */ = {
			isa = PBXGroup;
			children = (
				CA1A405917BA7BC900030ABF /* iBeacon-ClientTests-Info.plist */,
				CA1A405A17BA7BC900030ABF /* InfoPlist.strings */,
			);
			name = "Supporting Files";
			sourceTree = "<group>";
		};
/* End PBXGroup section */

/* Begin PBXNativeTarget section */
		CA1A402B17BA7BC900030ABF /* iBeacon-Client */ = {
			isa = PBXNativeTarget;
			buildConfigurationList = CA1A406117BA7BC900030ABF /* Build configuration list for PBXNativeTarget "iBeacon-Client" */;
			buildPhases = (
				CA1A402817BA7BC900030ABF /* Sources */,
				CA1A402917BA7BC900030ABF /* Frameworks */,
				CA1A402A17BA7BC900030ABF /* Resources */,
			);
			buildRules = (
			);
			dependencies = (
			);
			name = "iBeacon-Client";
			productName = "iBeacon-Client";
			productReference = CA1A402C17BA7BC900030ABF /* iBeacon-Client.app */;
			productType = "com.apple.product-type.application";
		};
		CA1A404F17BA7BC900030ABF /* iBeacon-ClientTests */ = {
			isa = PBXNativeTarget;
			buildConfigurationList = CA1A406417BA7BC900030ABF /* Build configuration list for PBXNativeTarget "iBeacon-ClientTests" */;
			buildPhases = (
				CA1A404C17BA7BC900030ABF /* Sources */,
				CA1A404D17BA7BC900030ABF /* Frameworks */,
				CA1A404E17BA7BC900030ABF /* Resources */,
			);
			buildRules = (
			);
			dependencies = (
				CA1A405617BA7BC900030ABF /* PBXTargetDependency */,
			);
			name = "iBeacon-ClientTests";
			productName = "iBeacon-ClientTests";
			productReference = CA1A405017BA7BC900030ABF /* iBeacon-ClientTests.xctest */;
			productType = "com.apple.product-type.bundle.unit-test";
		};
/* End PBXNativeTarget section */

/* Begin PBXProject section */
		CA1A402417BA7BC900030ABF /* Project object */ = {
			isa = PBXProject;
			attributes = {
				CLASSPREFIX = XKE;
				LastUpgradeCheck = 0500;
				ORGANIZATIONNAME = "Rajdeep Mann";
				TargetAttributes = {
					CA1A404F17BA7BC900030ABF = {
						TestTargetID = CA1A402B17BA7BC900030ABF;
					};
				};
			};
			buildConfigurationList = CA1A402717BA7BC900030ABF /* Build configuration list for PBXProject "iBeacon-Client" */;
			compatibilityVersion = "Xcode 3.2";
			developmentRegion = English;
			hasScannedForEncodings = 0;
			knownRegions = (
				en,
				Base,
			);
			mainGroup = CA1A402317BA7BC900030ABF;
			productRefGroup = CA1A402D17BA7BC900030ABF /* Products */;
			projectDirPath = "";
			projectRoot = "";
			targets = (
				CA1A402B17BA7BC900030ABF /* iBeacon-Client */,
				CA1A404F17BA7BC900030ABF /* iBeacon-ClientTests */,
			);
		};
/* End PBXProject section */

/* Begin PBXResourcesBuildPhase section */
		CA1A402A17BA7BC900030ABF /* Resources */ = {
			isa = PBXResourcesBuildPhase;
			buildActionMask = 2147483647;
			files = (
				CA1A404617BA7BC900030ABF /* Main_iPad.storyboard in Resources */,
				CA1A404B17BA7BC900030ABF /* Images.xcassets in Resources */,
				CA1A404317BA7BC900030ABF /* Main_iPhone.storyboard in Resources */,
				CA1A403A17BA7BC900030ABF /* InfoPlist.strings in Resources */,
			);
			runOnlyForDeploymentPostprocessing = 0;
		};
		CA1A404E17BA7BC900030ABF /* Resources */ = {
			isa = PBXResourcesBuildPhase;
			buildActionMask = 2147483647;
			files = (
				CA1A405C17BA7BC900030ABF /* InfoPlist.strings in Resources */,
			);
			runOnlyForDeploymentPostprocessing = 0;
		};
/* End PBXResourcesBuildPhase section */

/* Begin PBXSourcesBuildPhase section */
		CA1A402817BA7BC900030ABF /* Sources */ = {
			isa = PBXSourcesBuildPhase;
			buildActionMask = 2147483647;
			files = (
				CA1A403C17BA7BC900030ABF /* main.m in Sources */,
				CA1A404017BA7BC900030ABF /* XKEAppDelegate.m in Sources */,
				CA1A404917BA7BC900030ABF /* XKEViewController.m in Sources */,
			);
			runOnlyForDeploymentPostprocessing = 0;
		};
		CA1A404C17BA7BC900030ABF /* Sources */ = {
			isa = PBXSourcesBuildPhase;
			buildActionMask = 2147483647;
			files = (
				CA1A405E17BA7BC900030ABF /* iBeacon_ClientTests.m in Sources */,
			);
			runOnlyForDeploymentPostprocessing = 0;
		};
/* End PBXSourcesBuildPhase section */

/* Begin PBXTargetDependency section */
		CA1A405617BA7BC900030ABF /* PBXTargetDependency */ = {
			isa = PBXTargetDependency;
			target = CA1A402B17BA7BC900030ABF /* iBeacon-Client */;
			targetProxy = CA1A405517BA7BC900030ABF /* PBXContainerItemProxy */;
		};
/* End PBXTargetDependency section */

/* Begin PBXVariantGroup section */
		CA1A403817BA7BC900030ABF /* InfoPlist.strings */ = {
			isa = PBXVariantGroup;
			children = (
				CA1A403917BA7BC900030ABF /* en */,
			);
			name = InfoPlist.strings;
			sourceTree = "<group>";
		};
		CA1A404117BA7BC900030ABF /* Main_iPhone.storyboard */ = {
			isa = PBXVariantGroup;
			children = (
				CA1A404217BA7BC900030ABF /* Base */,
			);
			name = Main_iPhone.storyboard;
			sourceTree = "<group>";
		};
		CA1A404417BA7BC900030ABF /* Main_iPad.storyboard */ = {
			isa = PBXVariantGroup;
			children = (
				CA1A404517BA7BC900030ABF /* Base */,
			);
			name = Main_iPad.storyboard;
			sourceTree = "<group>";
		};
		CA1A405A17BA7BC900030ABF /* InfoPlist.strings */ = {
			isa = PBXVariantGroup;
			children = (
				CA1A405B17BA7BC900030ABF /* en */,
			);
			name = InfoPlist.strings;
			sourceTree = "<group>";
		};
/* End PBXVariantGroup section */

/* Begin XCBuildConfiguration section */
		CA1A405F17BA7BC900030ABF /* Debug */ = {
			isa = XCBuildConfiguration;
			buildSettings = {
				ALWAYS_SEARCH_USER_PATHS = NO;
				CLANG_CXX_LANGUAGE_STANDARD = "gnu++0x";
				CLANG_CXX_LIBRARY = "libc++";
				CLANG_ENABLE_MODULES = YES;
				CLANG_ENABLE_OBJC_ARC = YES;
				CLANG_WARN_BOOL_CONVERSION = YES;
				CLANG_WARN_CONSTANT_CONVERSION = YES;
				CLANG_WARN_DIRECT_OBJC_ISA_USAGE = YES_ERROR;
				CLANG_WARN_EMPTY_BODY = YES;
				CLANG_WARN_ENUM_CONVERSION = YES;
				CLANG_WARN_INT_CONVERSION = YES;
				CLANG_WARN_OBJC_ROOT_CLASS = YES_ERROR;
				CLANG_WARN__DUPLICATE_METHOD_MATCH = YES;
				"CODE_SIGN_IDENTITY[sdk=iphoneos*]" = "iPhone Developer";
				COPY_PHASE_STRIP = NO;
				GCC_C_LANGUAGE_STANDARD = gnu99;
				GCC_DYNAMIC_NO_PIC = NO;
				GCC_OPTIMIZATION_LEVEL = 0;
				GCC_PREPROCESSOR_DEFINITIONS = (
					"DEBUG=1",
					"$(inherited)",
				);
				GCC_SYMBOLS_PRIVATE_EXTERN = NO;
				GCC_WARN_ABOUT_RETURN_TYPE = YES_ERROR;
				GCC_WARN_UNDECLARED_SELECTOR = YES;
				GCC_WARN_UNINITIALIZED_AUTOS = YES;
				GCC_WARN_UNUSED_FUNCTION = YES;
				GCC_WARN_UNUSED_VARIABLE = YES;
				IPHONEOS_DEPLOYMENT_TARGET = 7.0;
				ONLY_ACTIVE_ARCH = YES;
				SDKROOT = iphoneos;
				TARGETED_DEVICE_FAMILY = "1,2";
			};
			name = Debug;
		};
		CA1A406017BA7BC900030ABF /* Release */ = {
			isa = XCBuildConfiguration;
			buildSettings = {
				ALWAYS_SEARCH_USER_PATHS = NO;
				CLANG_CXX_LANGUAGE_STANDARD = "gnu++0x";
				CLANG_CXX_LIBRARY = "libc++";
				CLANG_ENABLE_MODULES = YES;
				CLANG_ENABLE_OBJC_ARC = YES;
				CLANG_WARN_BOOL_CONVERSION = YES;
				CLANG_WARN_CONSTANT_CONVERSION = YES;
				CLANG_WARN_DIRECT_OBJC_ISA_USAGE = YES_ERROR;
				CLANG_WARN_EMPTY_BODY = YES;
				CLANG_WARN_ENUM_CONVERSION = YES;
				CLANG_WARN_INT_CONVERSION = YES;
				CLANG_WARN_OBJC_ROOT_CLASS = YES_ERROR;
				CLANG_WARN__DUPLICATE_METHOD_MATCH = YES;
				"CODE_SIGN_IDENTITY[sdk=iphoneos*]" = "iPhone Developer";
				COPY_PHASE_STRIP = YES;
				ENABLE_NS_ASSERTIONS = NO;
				GCC_C_LANGUAGE_STANDARD = gnu99;
				GCC_WARN_ABOUT_RETURN_TYPE = YES_ERROR;
				GCC_WARN_UNDECLARED_SELECTOR = YES;
				GCC_WARN_UNINITIALIZED_AUTOS = YES;
				GCC_WARN_UNUSED_FUNCTION = YES;
				GCC_WARN_UNUSED_VARIABLE = YES;
				IPHONEOS_DEPLOYMENT_TARGET = 7.0;
				SDKROOT = iphoneos;
				TARGETED_DEVICE_FAMILY = "1,2";
				VALIDATE_PRODUCT = YES;
			};
			name = Release;
		};
		CA1A406217BA7BC900030ABF /* Debug */ = {
			isa = XCBuildConfiguration;
			buildSettings = {
				ASSETCATALOG_COMPILER_APPICON_NAME = AppIcon;
				ASSETCATALOG_COMPILER_LAUNCHIMAGE_NAME = LaunchImage;
				GCC_PRECOMPILE_PREFIX_HEADER = YES;
				GCC_PREFIX_HEADER = "iBeacon-Client/iBeacon-Client-Prefix.pch";
				INFOPLIST_FILE = "iBeacon-Client/iBeacon-Client-Info.plist";
				PRODUCT_NAME = "$(TARGET_NAME)";
				WRAPPER_EXTENSION = app;
			};
			name = Debug;
		};
		CA1A406317BA7BC900030ABF /* Release */ = {
			isa = XCBuildConfiguration;
			buildSettings = {
				ASSETCATALOG_COMPILER_APPICON_NAME = AppIcon;
				ASSETCATALOG_COMPILER_LAUNCHIMAGE_NAME = LaunchImage;
				GCC_PRECOMPILE_PREFIX_HEADER = YES;
				GCC_PREFIX_HEADER = "iBeacon-Client/iBeacon-Client-Prefix.pch";
				INFOPLIST_FILE = "iBeacon-Client/iBeacon-Client-Info.plist";
				PRODUCT_NAME = "$(TARGET_NAME)";
				WRAPPER_EXTENSION = app;
			};
			name = Release;
		};
		CA1A406517BA7BC900030ABF /* Debug */ = {
			isa = XCBuildConfiguration;
			buildSettings = {
				BUNDLE_LOADER = "$(BUILT_PRODUCTS_DIR)/iBeacon-Client.app/iBeacon-Client";
				FRAMEWORK_SEARCH_PATHS = (
					"$(SDKROOT)/Developer/Library/Frameworks",
					"$(inherited)",
					"$(DEVELOPER_FRAMEWORKS_DIR)",
				);
				GCC_PRECOMPILE_PREFIX_HEADER = YES;
				GCC_PREFIX_HEADER = "iBeacon-Client/iBeacon-Client-Prefix.pch";
				GCC_PREPROCESSOR_DEFINITIONS = (
					"DEBUG=1",
					"$(inherited)",
				);
				INFOPLIST_FILE = "iBeacon-ClientTests/iBeacon-ClientTests-Info.plist";
				PRODUCT_NAME = "$(TARGET_NAME)";
				TEST_HOST = "$(BUNDLE_LOADER)";
				WRAPPER_EXTENSION = xctest;
			};
			name = Debug;
		};
		CA1A406617BA7BC900030ABF /* Release */ = {
			isa = XCBuildConfiguration;
			buildSettings = {
				BUNDLE_LOADER = "$(BUILT_PRODUCTS_DIR)/iBeacon-Client.app/iBeacon-Client";
				FRAMEWORK_SEARCH_PATHS = (
					"$(SDKROOT)/Developer/Library/Frameworks",
					"$(inherited)",
					"$(DEVELOPER_FRAMEWORKS_DIR)",
				);
				GCC_PRECOMPILE_PREFIX_HEADER = YES;
				GCC_PREFIX_HEADER = "iBeacon-Client/iBeacon-Client-Prefix.pch";
				INFOPLIST_FILE = "iBeacon-ClientTests/iBeacon-ClientTests-Info.plist";
				PRODUCT_NAME = "$(TARGET_NAME)";
				TEST_HOST = "$(BUNDLE_LOADER)";
				WRAPPER_EXTENSION = xctest;
			};
			name = Release;
		};
/* End XCBuildConfiguration section */

/* Begin XCConfigurationList section */
		CA1A402717BA7BC900030ABF /* Build configuration list for PBXProject "iBeacon-Client" */ = {
			isa = XCConfigurationList;
			buildConfigurations = (
				CA1A405F17BA7BC900030ABF /* Debug */,
				CA1A406017BA7BC900030ABF /* Release */,
			);
			defaultConfigurationIsVisible = 0;
			defaultConfigurationName = Release;
		};
		CA1A406117BA7BC900030ABF /* Build configuration list for PBXNativeTarget "iBeacon-Client" */ = {
			isa = XCConfigurationList;
			buildConfigurations = (
				CA1A406217BA7BC900030ABF /* Debug */,
				CA1A406317BA7BC900030ABF /* Release */,
			);
			defaultConfigurationIsVisible = 0;
		};
		CA1A406417BA7BC900030ABF /* Build configuration list for PBXNativeTarget "iBeacon-ClientTests" */ = {
			isa = XCConfigurationList;
			buildConfigurations = (
				CA1A406517BA7BC900030ABF /* Debug */,
				CA1A406617BA7BC900030ABF /* Release */,
			);
			defaultConfigurationIsVisible = 0;
		};
/* End XCConfigurationList section */
	};
	rootObject = CA1A402417BA7BC900030ABF /* Project object */;
}
